{
  "version": 4,
  "terraform_version": "1.4.5",
  "serial": 67,
  "lineage": "1be767e3-87c4-48b8-dcfa-d5deefd49f64",
  "outputs": {},
  "resources": [
    {
      "mode": "data",
      "type": "digitalocean_ssh_key",
      "name": "ssh_key_name",
      "provider": "provider[\"registry.terraform.io/digitalocean/digitalocean\"]",
      "instances": [
        {
          "schema_version": 0,
          "attributes": {
            "fingerprint": "82:7a:08:0e:b5:4a:2a:c6:19:b2:a1:f3:6c:37:97:df",
            "id": 38032368,
            "name": "digital_ocean-currencyConverter-terraform",
            "public_key": "ssh-rsa AAAAB3NzaC1yc2EAAAADAQABAAABAQCxtRt2LfZ9Bao8mUColT5kexqK0qxF72vcEC7e1YbmhN8oqKMnBbizc9DQ80Q0q+ztkbjOEQhIzqeIc130DfFjo/shZ9Ybfrh2L1k4XnzJNArLsA9yvCwWNjbC/Z9UvB3oBTUJ1aS+7uXai3V1ycOEzQ9vTHlgHkeu3Bbsb4GVv9sxIsb5v4WfpOyMxTAJtUmR3NmcOjSYDolF697HO+vl2qFRZHy1yusk0AjPb5dY0fxkQG82mg/6sD2CIpwY/zmX3VjBek7JnjD7VExYN8LZoct4gEMYeNgv++ulhLgCB6Ltpcf3MXjNVr8O+GC/PwKzzau1Alm3oWvWhVtmpegv"
          },
          "sensitive_attributes": []
        }
      ]
    },
    {
      "mode": "managed",
      "type": "digitalocean_droplet",
      "name": "jenkins",
      "provider": "provider[\"registry.terraform.io/digitalocean/digitalocean\"]",
      "instances": [
        {
          "status": "tainted",
          "schema_version": 1,
          "attributes": {
            "backups": false,
            "created_at": "2023-05-15T01:22:41Z",
            "disk": 60,
            "droplet_agent": null,
            "graceful_shutdown": false,
            "id": "355372003",
            "image": "ubuntu-18-04-x64",
            "ipv4_address": "159.223.135.71",
            "ipv4_address_private": "10.116.0.2",
            "ipv6": false,
            "ipv6_address": "",
            "locked": false,
            "memory": 2048,
            "monitoring": false,
            "name": "jenkins",
            "price_hourly": 0.02679,
            "price_monthly": 18,
            "private_networking": true,
            "region": "nyc1",
            "resize_disk": true,
            "size": "s-2vcpu-2gb",
            "ssh_keys": [
              "38032368"
            ],
            "status": "active",
            "tags": null,
            "timeouts": null,
            "urn": "do:droplet:355372003",
            "user_data": null,
            "vcpus": 2,
            "volume_ids": [],
            "vpc_uuid": "b379f326-5329-47e7-acf7-1b5746dd197b"
          },
          "sensitive_attributes": [],
          "private": "eyJlMmJmYjczMC1lY2FhLTExZTYtOGY4OC0zNDM2M2JjN2M0YzAiOnsiY3JlYXRlIjozNjAwMDAwMDAwMDAwLCJkZWxldGUiOjYwMDAwMDAwMDAwLCJ1cGRhdGUiOjM2MDAwMDAwMDAwMDB9LCJzY2hlbWFfdmVyc2lvbiI6IjEifQ==",
          "dependencies": [
            "data.digitalocean_ssh_key.ssh_key_name"
          ]
        }
      ]
    }
  ],
  "check_results": null
}
